
Microsoft Visual Studio Solution File, Format Version 12.00
# Visual Studio Version 17
VisualStudioVersion = 17.5.33424.131
MinimumVisualStudioVersion = 10.0.40219.1
Project("{8BC9CEB8-8B4A-11D0-8D11-00A0C91BC942}") = "PrimeNumber0309", "PrimeNumber0309\PrimeNumber0309.vcxproj", "{240F14DA-7219-449B-9AD4-F7643EFC306B}"
EndProject
Global
	GlobalSection(SolutionConfigurationPlatforms) = preSolution
		Debug|x64 = Debug|x64
		Debug|x86 = Debug|x86
		Release|x64 = Release|x64
		Release|x86 = Release|x86
	EndGlobalSection
	GlobalSection(ProjectConfigurationPlatforms) = postSolution
		{240F14DA-7219-449B-9AD4-F7643EFC306B}.Debug|x64.ActiveCfg = Debug|x64
		{240F14DA-7219-449B-9AD4-F7643EFC306B}.Debug|x64.Build.0 = Debug|x64
		{240F14DA-7219-449B-9AD4-F7643EFC306B}.Debug|x86.ActiveCfg = Debug|Win32
		{240F14DA-7219-449B-9AD4-F7643EFC306B}.Debug|x86.Build.0 = Debug|Win32
		{240F14DA-7219-449B-9AD4-F7643EFC306B}.Release|x64.ActiveCfg = Release|x64
		{240F14DA-7219-449B-9AD4-F7643EFC306B}.Release|x64.Build.0 = Release|x64
		{240F14DA-7219-449B-9AD4-F7643EFC306B}.Release|x86.ActiveCfg = Release|Win32
		{240F14DA-7219-449B-9AD4-F7643EFC306B}.Release|x86.Build.0 = Release|Win32
	EndGlobalSection
	GlobalSection(SolutionProperties) = preSolution
		HideSolutionNode = FALSE
	EndGlobalSection
	GlobalSection(ExtensibilityGlobals) = postSolution
		SolutionGuid = {352CE539-22F2-43B6-BE8E-6640B63D8C9B}
	EndGlobalSection
EndGlobal
